{
  "nodes": {
    "darwin": {
      "inputs": {
        "nixpkgs": [
          "nixpkgs"
        ]
      },
      "locked": {
        "lastModified": 1661882940,
        "narHash": "sha256-4LaVFnV22WrOA0aolqqk9dXrM8crikcrLQt29G18F7M=",
        "owner": "LnL7",
        "repo": "nix-darwin",
        "rev": "80cec5115aae74accc4ccfb9f84306d7863f0632",
        "type": "github"
      },
      "original": {
        "owner": "LnL7",
        "ref": "master",
        "repo": "nix-darwin",
        "type": "github"
      }
    },
    "home-manager": {
      "inputs": {
        "nixpkgs": "nixpkgs",
        "utils": "utils"
      },
      "locked": {
        "lastModified": 1661824092,
        "narHash": "sha256-nSWLWytlXbeLrx5A+r5Pso7CvVrX5EgmIIXW/EXvPHQ=",
        "owner": "nix-community",
        "repo": "home-manager",
        "rev": "5bd66dc6cd967033489c69d486402b75d338eeb6",
        "type": "github"
      },
      "original": {
        "owner": "nix-community",
        "repo": "home-manager",
        "type": "github"
      }
    },
    "nixpkgs": {
      "locked": {
        "lastModified": 1654953433,
        "narHash": "sha256-TwEeh4r50NdWHFAHQSyjCk2cZxgwUfcCCAJOhPdXB28=",
        "owner": "nixos",
        "repo": "nixpkgs",
        "rev": "90cd5459a1fd707819b9a3fb9c852beaaac3b79a",
        "type": "github"
      },
      "original": {
        "owner": "nixos",
        "ref": "nixos-unstable",
        "repo": "nixpkgs",
        "type": "github"
      }
    },
    "nixpkgs_2": {
      "locked": {
        "lastModified": 1661353537,
        "narHash": "sha256-1E2IGPajOsrkR49mM5h55OtYnU0dGyre6gl60NXKITE=",
        "owner": "nixos",
        "repo": "nixpkgs",
        "rev": "0e304ff0d9db453a4b230e9386418fd974d5804a",
        "type": "github"
      },
      "original": {
        "owner": "nixos",
        "ref": "nixpkgs-unstable",
        "repo": "nixpkgs",
        "type": "github"
      }
    },
    "root": {
      "inputs": {
        "darwin": "darwin",
        "home-manager": "home-manager",
        "nixpkgs": "nixpkgs_2"
      }
    },
    "utils": {
      "locked": {
        "lastModified": 1653893745,
        "narHash": "sha256-0jntwV3Z8//YwuOjzhV2sgJJPt+HY6KhU7VZUL0fKZQ=",
        "owner": "numtide",
        "repo": "flake-utils",
        "rev": "1ed9fb1935d260de5fe1c2f7ee0ebaae17ed2fa1",
        "type": "github"
      },
      "original": {
        "owner": "numtide",
        "repo": "flake-utils",
        "type": "github"
      }
    }
  },
  "root": "root",
  "version": 7
}
